Microsoft Visual Studio Solution File, Format Version 12.00
# Visual Studio 2012
Project("{FAE04EC0-301F-11D3-BF4B-00C04F79EFBC}") = "Stepper Serial Test", "Stepper Serial Test.csproj", "{C87F130F-D7DE-4125-84C1-C0EAD514F6EA}"
EndProject
Global
	GlobalSection(SolutionConfigurationPlatforms) = preSolution
	Debug|Any CPU = Debug|Any CPU
	ExportDebug|Any CPU = ExportDebug|Any CPU
	ExportRelease|Any CPU = ExportRelease|Any CPU
	EndGlobalSection
	GlobalSection(ProjectConfigurationPlatforms) = postSolution
		{C87F130F-D7DE-4125-84C1-C0EAD514F6EA}.Debug|Any CPU.ActiveCfg = Debug|Any CPU
		{C87F130F-D7DE-4125-84C1-C0EAD514F6EA}.Debug|Any CPU.Build.0 = Debug|Any CPU
		{C87F130F-D7DE-4125-84C1-C0EAD514F6EA}.ExportDebug|Any CPU.ActiveCfg = ExportDebug|Any CPU
		{C87F130F-D7DE-4125-84C1-C0EAD514F6EA}.ExportDebug|Any CPU.Build.0 = ExportDebug|Any CPU
		{C87F130F-D7DE-4125-84C1-C0EAD514F6EA}.ExportRelease|Any CPU.ActiveCfg = ExportRelease|Any CPU
		{C87F130F-D7DE-4125-84C1-C0EAD514F6EA}.ExportRelease|Any CPU.Build.0 = ExportRelease|Any CPU
	EndGlobalSection
EndGlobal
